
Microsoft Visual Studio Solution File, Format Version 12.00
# Visual Studio 15
VisualStudioVersion = 15.0.27130.2036
MinimumVisualStudioVersion = 10.0.40219.1
Project("{FAE04EC0-301F-11D3-BF4B-00C04F79EFBC}") = "HcHttp", "HcHttp\HcHttp.csproj", "{BA01CEF6-6B2D-4CB7-96A6-78627E5D866D}"
EndProject
Project("{FAE04EC0-301F-11D3-BF4B-00C04F79EFBC}") = "TestExample", "TestExample\TestExample.csproj", "{24CDA1C2-27CF-4C6F-BE9C-DB2D6F396E31}"
EndProject
Project("{FAE04EC0-301F-11D3-BF4B-00C04F79EFBC}") = "HcToolkit", "HcToolkit\HcToolkit.csproj", "{A7CFAE32-7EFE-46DA-B625-A2F73E131CFB}"
EndProject
Global
	GlobalSection(SolutionConfigurationPlatforms) = preSolution
		Debug|Any CPU = Debug|Any CPU
		Debug|x86 = Debug|x86
		Release|Any CPU = Release|Any CPU
		Release|x86 = Release|x86
	EndGlobalSection
	GlobalSection(ProjectConfigurationPlatforms) = postSolution
		{BA01CEF6-6B2D-4CB7-96A6-78627E5D866D}.Debug|Any CPU.ActiveCfg = Debug|Any CPU
		{BA01CEF6-6B2D-4CB7-96A6-78627E5D866D}.Debug|Any CPU.Build.0 = Debug|Any CPU
		{BA01CEF6-6B2D-4CB7-96A6-78627E5D866D}.Debug|x86.ActiveCfg = Debug|x86
		{BA01CEF6-6B2D-4CB7-96A6-78627E5D866D}.Debug|x86.Build.0 = Debug|x86
		{BA01CEF6-6B2D-4CB7-96A6-78627E5D866D}.Release|Any CPU.ActiveCfg = Release|Any CPU
		{BA01CEF6-6B2D-4CB7-96A6-78627E5D866D}.Release|Any CPU.Build.0 = Release|Any CPU
		{BA01CEF6-6B2D-4CB7-96A6-78627E5D866D}.Release|x86.ActiveCfg = Release|x86
		{BA01CEF6-6B2D-4CB7-96A6-78627E5D866D}.Release|x86.Build.0 = Release|x86
		{24CDA1C2-27CF-4C6F-BE9C-DB2D6F396E31}.Debug|Any CPU.ActiveCfg = Debug|Any CPU
		{24CDA1C2-27CF-4C6F-BE9C-DB2D6F396E31}.Debug|Any CPU.Build.0 = Debug|Any CPU
		{24CDA1C2-27CF-4C6F-BE9C-DB2D6F396E31}.Debug|x86.ActiveCfg = Debug|Any CPU
		{24CDA1C2-27CF-4C6F-BE9C-DB2D6F396E31}.Debug|x86.Build.0 = Debug|Any CPU
		{24CDA1C2-27CF-4C6F-BE9C-DB2D6F396E31}.Release|Any CPU.ActiveCfg = Release|Any CPU
		{24CDA1C2-27CF-4C6F-BE9C-DB2D6F396E31}.Release|Any CPU.Build.0 = Release|Any CPU
		{24CDA1C2-27CF-4C6F-BE9C-DB2D6F396E31}.Release|x86.ActiveCfg = Release|Any CPU
		{24CDA1C2-27CF-4C6F-BE9C-DB2D6F396E31}.Release|x86.Build.0 = Release|Any CPU
		{A7CFAE32-7EFE-46DA-B625-A2F73E131CFB}.Debug|Any CPU.ActiveCfg = Debug|Any CPU
		{A7CFAE32-7EFE-46DA-B625-A2F73E131CFB}.Debug|Any CPU.Build.0 = Debug|Any CPU
		{A7CFAE32-7EFE-46DA-B625-A2F73E131CFB}.Debug|x86.ActiveCfg = Debug|Any CPU
		{A7CFAE32-7EFE-46DA-B625-A2F73E131CFB}.Debug|x86.Build.0 = Debug|Any CPU
		{A7CFAE32-7EFE-46DA-B625-A2F73E131CFB}.Release|Any CPU.ActiveCfg = Release|Any CPU
		{A7CFAE32-7EFE-46DA-B625-A2F73E131CFB}.Release|Any CPU.Build.0 = Release|Any CPU
		{A7CFAE32-7EFE-46DA-B625-A2F73E131CFB}.Release|x86.ActiveCfg = Release|Any CPU
		{A7CFAE32-7EFE-46DA-B625-A2F73E131CFB}.Release|x86.Build.0 = Release|Any CPU
	EndGlobalSection
	GlobalSection(SolutionProperties) = preSolution
		HideSolutionNode = FALSE
	EndGlobalSection
	GlobalSection(ExtensibilityGlobals) = postSolution
		SolutionGuid = {B98E849D-1257-42B5-9F02-C701147C6B29}
	EndGlobalSection
EndGlobal
